
Microsoft Visual Studio Solution File, Format Version 12.00
# Visual Studio Version 16
VisualStudioVersion = 16.0.31424.327
MinimumVisualStudioVersion = 10.0.40219.1
Project("{8BC9CEB8-8B4A-11D0-8D11-00A0C91BC942}") = "SK-Lib-math.h-trunc-Bagian2__C", "SK-Lib-math.h-trunc-Bagian2__C\SK-Lib-math.h-trunc-Bagian2__C.vcxproj", "{20DA15F8-1DA7-4B17-AB29-30D538641E95}"
EndProject
Global
	GlobalSection(SolutionConfigurationPlatforms) = preSolution
		Debug|x64 = Debug|x64
		Debug|x86 = Debug|x86
		Release|x64 = Release|x64
		Release|x86 = Release|x86
	EndGlobalSection
	GlobalSection(ProjectConfigurationPlatforms) = postSolution
		{20DA15F8-1DA7-4B17-AB29-30D538641E95}.Debug|x64.ActiveCfg = Debug|x64
		{20DA15F8-1DA7-4B17-AB29-30D538641E95}.Debug|x64.Build.0 = Debug|x64
		{20DA15F8-1DA7-4B17-AB29-30D538641E95}.Debug|x86.ActiveCfg = Debug|Win32
		{20DA15F8-1DA7-4B17-AB29-30D538641E95}.Debug|x86.Build.0 = Debug|Win32
		{20DA15F8-1DA7-4B17-AB29-30D538641E95}.Release|x64.ActiveCfg = Release|x64
		{20DA15F8-1DA7-4B17-AB29-30D538641E95}.Release|x64.Build.0 = Release|x64
		{20DA15F8-1DA7-4B17-AB29-30D538641E95}.Release|x86.ActiveCfg = Release|Win32
		{20DA15F8-1DA7-4B17-AB29-30D538641E95}.Release|x86.Build.0 = Release|Win32
	EndGlobalSection
	GlobalSection(SolutionProperties) = preSolution
		HideSolutionNode = FALSE
	EndGlobalSection
	GlobalSection(ExtensibilityGlobals) = postSolution
		SolutionGuid = {698A60CA-37FF-4530-8404-28FE0468DD75}
	EndGlobalSection
EndGlobal
